
Microsoft Visual Studio Solution File, Format Version 11.00
# Visual Studio 2010
Project("{FAE04EC0-301F-11D3-BF4B-00C04F79EFBC}") = "AWGP", "AWGP\AWGP\AWGP.csproj", "{A3F80D63-84B7-4E5F-B9E4-31102DDD8A13}"
EndProject
Project("{FAE04EC0-301F-11D3-BF4B-00C04F79EFBC}") = "AWGPContent", "AWGP\AWGPContent\AWGPContent.contentproj", "{443CCDA5-AC5B-4901-AF01-E41DD59EB514}"
EndProject
Project("{FAE04EC0-301F-11D3-BF4B-00C04F79EFBC}") = "SharedContent", "SharedContent\SharedContent.csproj", "{24A457CB-FB01-40C8-B43C-8FEDABBCE462}"
EndProject
Global
	GlobalSection(SubversionScc) = preSolution
		Svn-Managed = True
		Manager = AnkhSVN - Subversion Support for Visual Studio
	EndGlobalSection
	GlobalSection(SolutionConfigurationPlatforms) = preSolution
		Debug|x86 = Debug|x86
		Release|x86 = Release|x86
	EndGlobalSection
	GlobalSection(ProjectConfigurationPlatforms) = postSolution
		{A3F80D63-84B7-4E5F-B9E4-31102DDD8A13}.Debug|x86.ActiveCfg = Debug|x86
		{A3F80D63-84B7-4E5F-B9E4-31102DDD8A13}.Debug|x86.Build.0 = Debug|x86
		{A3F80D63-84B7-4E5F-B9E4-31102DDD8A13}.Release|x86.ActiveCfg = Release|x86
		{A3F80D63-84B7-4E5F-B9E4-31102DDD8A13}.Release|x86.Build.0 = Release|x86
		{443CCDA5-AC5B-4901-AF01-E41DD59EB514}.Debug|x86.ActiveCfg = Debug|x86
		{443CCDA5-AC5B-4901-AF01-E41DD59EB514}.Release|x86.ActiveCfg = Release|x86
		{24A457CB-FB01-40C8-B43C-8FEDABBCE462}.Debug|x86.ActiveCfg = Debug|x86
		{24A457CB-FB01-40C8-B43C-8FEDABBCE462}.Debug|x86.Build.0 = Debug|x86
		{24A457CB-FB01-40C8-B43C-8FEDABBCE462}.Release|x86.ActiveCfg = Release|x86
		{24A457CB-FB01-40C8-B43C-8FEDABBCE462}.Release|x86.Build.0 = Release|x86
	EndGlobalSection
	GlobalSection(SolutionProperties) = preSolution
		HideSolutionNode = FALSE
	EndGlobalSection
EndGlobal
